
Microsoft Visual Studio Solution File, Format Version 12.00
# Visual Studio 2012
Project("{FAE04EC0-301F-11D3-BF4B-00C04F79EFBC}") = "Controller2", "Controller2\Controller2.csproj", "{CC3CF7F1-AC63-44DA-822E-4DD9314ADE89}"
EndProject
Global
	GlobalSection(SolutionConfigurationPlatforms) = preSolution
		Debug|Any CPU = Debug|Any CPU
		Release|Any CPU = Release|Any CPU
	EndGlobalSection
	GlobalSection(ProjectConfigurationPlatforms) = postSolution
		{CC3CF7F1-AC63-44DA-822E-4DD9314ADE89}.Debug|Any CPU.ActiveCfg = Debug|Any CPU
		{CC3CF7F1-AC63-44DA-822E-4DD9314ADE89}.Debug|Any CPU.Build.0 = Debug|Any CPU
		{CC3CF7F1-AC63-44DA-822E-4DD9314ADE89}.Release|Any CPU.ActiveCfg = Release|Any CPU
		{CC3CF7F1-AC63-44DA-822E-4DD9314ADE89}.Release|Any CPU.Build.0 = Release|Any CPU
	EndGlobalSection
	GlobalSection(MonoDevelopProperties) = preSolution
		StartupItem = Controller2\Controller2.csproj
	EndGlobalSection
EndGlobal
